
Microsoft Visual Studio Solution File, Format Version 12.00
# Visual Studio Version 17
VisualStudioVersion = 17.4.33205.214
MinimumVisualStudioVersion = 10.0.40219.1
Project("{FAE04EC0-301F-11D3-BF4B-00C04F79EFBC}") = "reach-api", "reach-api\reach-api.csproj", "{9B988384-7B81-4ED7-B5D9-2DC651048823}"
EndProject
Global
	GlobalSection(SolutionConfigurationPlatforms) = preSolution
		Debug|Any CPU = Debug|Any CPU
		Release|Any CPU = Release|Any CPU
	EndGlobalSection
	GlobalSection(ProjectConfigurationPlatforms) = postSolution
		{9B988384-7B81-4ED7-B5D9-2DC651048823}.Debug|Any CPU.ActiveCfg = Debug|Any CPU
		{9B988384-7B81-4ED7-B5D9-2DC651048823}.Debug|Any CPU.Build.0 = Debug|Any CPU
		{9B988384-7B81-4ED7-B5D9-2DC651048823}.Release|Any CPU.ActiveCfg = Release|Any CPU
		{9B988384-7B81-4ED7-B5D9-2DC651048823}.Release|Any CPU.Build.0 = Release|Any CPU
	EndGlobalSection
	GlobalSection(SolutionProperties) = preSolution
		HideSolutionNode = FALSE
	EndGlobalSection
	GlobalSection(ExtensibilityGlobals) = postSolution
		SolutionGuid = {784C232B-47EB-4EF5-A488-B2C7313E7D1A}
	EndGlobalSection
EndGlobal
